PODS:
  - Flutter (1.0.0)
  - flutter_web_browser (0.17.3):
    - Flutter

DEPENDENCIES:
  - Flutter (from `Flutter`)
  - flutter_web_browser (from `.symlinks/plugins/flutter_web_browser/ios`)

EXTERNAL SOURCES:
  Flutter:
    :path: Flutter
  flutter_web_browser:
    :path: ".symlinks/plugins/flutter_web_browser/ios"

SPEC CHECKSUMS:
  Flutter: cabc95a1d2626b1b06e7179b784ebcf0c0cde467
  flutter_web_browser: 8073248fb4e9df961549f1f7b04392bdf7225d74

PODFILE CHECKSUM: ac78c878081b5f48cc438d34c2e0847326f1d520

COCOAPODS: 1.11.3
